
Microsoft Visual Studio Solution File, Format Version 12.00
# Visual Studio 15
VisualStudioVersion = 15.0.26403.3
MinimumVisualStudioVersion = 10.0.40219.1
Project("{FAE04EC0-301F-11D3-BF4B-00C04F79EFBC}") = "ArtHub", "ArtHub\ArtHub.csproj", "{D357933E-F02F-47A2-BDB0-9C1BAC0B6627}"
EndProject
Project("{2150E333-8FDC-42A3-9474-1A3956D46DE8}") = "Before", "Before", "{94894ABD-625E-484D-837C-81FC393BF921}"
EndProject
Project("{2150E333-8FDC-42A3-9474-1A3956D46DE8}") = "After", "After", "{24470838-0A13-4DA0-8FD9-C1EAE53D5D2A}"
EndProject
Project("{FAE04EC0-301F-11D3-BF4B-00C04F79EFBC}") = "ArtHub.CommandService", "ArtHub.CommandService\ArtHub.CommandService.csproj", "{B8E518C0-93A9-4413-A4DB-1FA373CC458C}"
EndProject
Project("{FAE04EC0-301F-11D3-BF4B-00C04F79EFBC}") = "ArtHub.CQRS", "ArtHubAfterCQRS\ArtHub.CQRS.csproj", "{20DD3413-8E55-4642-BCCD-3C5FF922B49A}"
EndProject
Global
	GlobalSection(SolutionConfigurationPlatforms) = preSolution
		Debug|Any CPU = Debug|Any CPU
		Release|Any CPU = Release|Any CPU
	EndGlobalSection
	GlobalSection(ProjectConfigurationPlatforms) = postSolution
		{D357933E-F02F-47A2-BDB0-9C1BAC0B6627}.Debug|Any CPU.ActiveCfg = Debug|Any CPU
		{D357933E-F02F-47A2-BDB0-9C1BAC0B6627}.Debug|Any CPU.Build.0 = Debug|Any CPU
		{D357933E-F02F-47A2-BDB0-9C1BAC0B6627}.Release|Any CPU.ActiveCfg = Release|Any CPU
		{D357933E-F02F-47A2-BDB0-9C1BAC0B6627}.Release|Any CPU.Build.0 = Release|Any CPU
		{B8E518C0-93A9-4413-A4DB-1FA373CC458C}.Debug|Any CPU.ActiveCfg = Debug|Any CPU
		{B8E518C0-93A9-4413-A4DB-1FA373CC458C}.Debug|Any CPU.Build.0 = Debug|Any CPU
		{B8E518C0-93A9-4413-A4DB-1FA373CC458C}.Release|Any CPU.ActiveCfg = Release|Any CPU
		{B8E518C0-93A9-4413-A4DB-1FA373CC458C}.Release|Any CPU.Build.0 = Release|Any CPU
		{20DD3413-8E55-4642-BCCD-3C5FF922B49A}.Debug|Any CPU.ActiveCfg = Debug|Any CPU
		{20DD3413-8E55-4642-BCCD-3C5FF922B49A}.Debug|Any CPU.Build.0 = Debug|Any CPU
		{20DD3413-8E55-4642-BCCD-3C5FF922B49A}.Release|Any CPU.ActiveCfg = Release|Any CPU
		{20DD3413-8E55-4642-BCCD-3C5FF922B49A}.Release|Any CPU.Build.0 = Release|Any CPU
	EndGlobalSection
	GlobalSection(SolutionProperties) = preSolution
		HideSolutionNode = FALSE
	EndGlobalSection
	GlobalSection(NestedProjects) = preSolution
		{D357933E-F02F-47A2-BDB0-9C1BAC0B6627} = {94894ABD-625E-484D-837C-81FC393BF921}
		{B8E518C0-93A9-4413-A4DB-1FA373CC458C} = {24470838-0A13-4DA0-8FD9-C1EAE53D5D2A}
		{20DD3413-8E55-4642-BCCD-3C5FF922B49A} = {24470838-0A13-4DA0-8FD9-C1EAE53D5D2A}
	EndGlobalSection
EndGlobal
